// !$*UTF8*$!
{
	archiveVersion = 1;
	classes = {
	};
	objectVersion = 46;
	objects = {

/* Begin PBXBuildFile section */
		04E505541D34864700E33745 /* main.m in Sources */ = {isa = PBXBuildFile; fileRef = 04E505531D34864700E33745 /* main.m */; };
		04E505571D34864700E33745 /* AppDelegate.m in Sources */ = {isa = PBXBuildFile; fileRef = 04E505561D34864700E33745 /* AppDelegate.m */; };
		04E5055A1D34864700E33745 /* ViewController.m in Sources */ = {isa = PBXBuildFile; fileRef = 04E505591D34864700E33745 /* ViewController.m */; };
		04E5055D1D34864700E33745 /* Main.storyboard in Resources */ = {isa = PBXBuildFile; fileRef = 04E5055B1D34864700E33745 /* Main.storyboard */; };
		04E5055F1D34864700E33745 /* Assets.xcassets in Resources */ = {isa = PBXBuildFile; fileRef = 04E5055E1D34864700E33745 /* Assets.xcassets */; };
		04E505621D34864700E33745 /* LaunchScreen.storyboard in Resources */ = {isa = PBXBuildFile; fileRef = 04E505601D34864700E33745 /* LaunchScreen.storyboard */; };
		04E5056B1D3488A300E33745 /* PracViewController.m in Sources */ = {isa = PBXBuildFile; fileRef = 04E5056A1D3488A300E33745 /* PracViewController.m */; };
/* End PBXBuildFile section */

/* Begin PBXFileReference section */
		04E5054F1D34864500E33745 /* parcSourceTree.app */ = {isa = PBXFileReference; explicitFileType = wrapper.application; includeInIndex = 0; path = parcSourceTree.app; sourceTree = BUILT_PRODUCTS_DIR; };
		04E505531D34864700E33745 /* main.m */ = {isa = PBXFileReference; lastKnownFileType = sourcecode.c.objc; path = main.m; sourceTree = "<group>"; };
		04E505551D34864700E33745 /* AppDelegate.h */ = {isa = PBXFileReference; lastKnownFileType = sourcecode.c.h; path = AppDelegate.h; sourceTree = "<group>"; };
		04E505561D34864700E33745 /* AppDelegate.m */ = {isa = PBXFileReference; lastKnownFileType = sourcecode.c.objc; path = AppDelegate.m; sourceTree = "<group>"; };
		04E505581D34864700E33745 /* ViewController.h */ = {isa = PBXFileReference; lastKnownFileType = sourcecode.c.h; path = ViewController.h; sourceTree = "<group>"; };
		04E505591D34864700E33745 /* ViewController.m */ = {isa = PBXFileReference; lastKnownFileType = sourcecode.c.objc; path = ViewController.m; sourceTree = "<group>"; };
		04E5055C1D34864700E33745 /* Base */ = {isa = PBXFileReference; lastKnownFileType = file.storyboard; name = Base; path = Base.lproj/Main.storyboard; sourceTree = "<group>"; };
		04E5055E1D34864700E33745 /* Assets.xcassets */ = {isa = PBXFileReference; lastKnownFileType = folder.assetcatalog; path = Assets.xcassets; sourceTree = "<group>"; };
		04E505611D34864700E33745 /* Base */ = {isa = PBXFileReference; lastKnownFileType = file.storyboard; name = Base; path = Base.lproj/LaunchScreen.storyboard; sourceTree = "<group>"; };
		04E505631D34864700E33745 /* Info.plist */ = {isa = PBXFileReference; lastKnownFileType = text.plist.xml; path = Info.plist; sourceTree = "<group>"; };
		04E505691D3488A300E33745 /* PracViewController.h */ = {isa = PBXFileReference; fileEncoding = 4; lastKnownFileType = sourcecode.c.h; path = PracViewController.h; sourceTree = "<group>"; };
		04E5056A1D3488A300E33745 /* PracViewController.m */ = {isa = PBXFileReference; fileEncoding = 4; lastKnownFileType = sourcecode.c.objc; path = PracViewController.m; sourceTree = "<group>"; };
/* End PBXFileReference section */

/* Begin PBXFrameworksBuildPhase section */
		04E5054C1D34864500E33745 /* Frameworks */ = {
			isa = PBXFrameworksBuildPhase;
			buildActionMask = 2147483647;
			files = (
			);
			runOnlyForDeploymentPostprocessing = 0;
		};
/* End PBXFrameworksBuildPhase section */

/* Begin PBXGroup section */
		04E505461D34864500E33745 = {
			isa = PBXGroup;
			children = (
				04E505511D34864700E33745 /* parcSourceTree */,
				04E505501D34864500E33745 /* Products */,
			);
			sourceTree = "<group>";
		};
		04E505501D34864500E33745 /* Products */ = {
			isa = PBXGroup;
			children = (
				04E5054F1D34864500E33745 /* parcSourceTree.app */,
			);
			name = Products;
			sourceTree = "<group>";
		};
		04E505511D34864700E33745 /* parcSourceTree */ = {
			isa = PBXGroup;
			children = (
				04E505551D34864700E33745 /* AppDelegate.h */,
				04E505561D34864700E33745 /* AppDelegate.m */,
				04E505581D34864700E33745 /* ViewController.h */,
				04E505591D34864700E33745 /* ViewController.m */,
				04E505691D3488A300E33745 /* PracViewController.h */,
				04E5056A1D3488A300E33745 /* PracViewController.m */,
				04E5055B1D34864700E33745 /* Main.storyboard */,
				04E5055E1D34864700E33745 /* Assets.xcassets */,
				04E505601D34864700E33745 /* LaunchScreen.storyboard */,
				04E505631D34864700E33745 /* Info.plist */,
				04E505521D34864700E33745 /* Supporting Files */,
			);
			path = parcSourceTree;
			sourceTree = "<group>";
		};
		04E505521D34864700E33745 /* Supporting Files */ = {
			isa = PBXGroup;
			children = (
				04E505531D34864700E33745 /* main.m */,
			);
			name = "Supporting Files";
			sourceTree = "<group>";
		};
/* End PBXGroup section */

/* Begin PBXNativeTarget section */
		04E5054E1D34864500E33745 /* parcSourceTree */ = {
			isa = PBXNativeTarget;
			buildConfigurationList = 04E505661D34864700E33745 /* Build configuration list for PBXNativeTarget "parcSourceTree" */;
			buildPhases = (
				04E5054B1D34864500E33745 /* Sources */,
				04E5054C1D34864500E33745 /* Frameworks */,
				04E5054D1D34864500E33745 /* Resources */,
			);
			buildRules = (
			);
			dependencies = (
			);
			name = parcSourceTree;
			productName = parcSourceTree;
			productReference = 04E5054F1D34864500E33745 /* parcSourceTree.app */;
			productType = "com.apple.product-type.application";
		};
/* End PBXNativeTarget section */

/* Begin PBXProject section */
		04E505471D34864500E33745 /* Project object */ = {
			isa = PBXProject;
			attributes = {
				LastUpgradeCheck = 0730;
				ORGANIZATIONNAME = WangQiZheng;
				TargetAttributes = {
					04E5054E1D34864500E33745 = {
						CreatedOnToolsVersion = 7.3.1;
					};
				};
			};
			buildConfigurationList = 04E5054A1D34864500E33745 /* Build configuration list for PBXProject "parcSourceTree" */;
			compatibilityVersion = "Xcode 3.2";
			developmentRegion = English;
			hasScannedForEncodings = 0;
			knownRegions = (
				en,
				Base,
			);
			mainGroup = 04E505461D34864500E33745;
			productRefGroup = 04E505501D34864500E33745 /* Products */;
			projectDirPath = "";
			projectRoot = "";
			targets = (
				04E5054E1D34864500E33745 /* parcSourceTree */,
			);
		};
/* End PBXProject section */

/* Begin PBXResourcesBuildPhase section */
		04E5054D1D34864500E33745 /* Resources */ = {
			isa = PBXResourcesBuildPhase;
			buildActionMask = 2147483647;
			files = (
				04E505621D34864700E33745 /* LaunchScreen.storyboard in Resources */,
				04E5055F1D34864700E33745 /* Assets.xcassets in Resources */,
				04E5055D1D34864700E33745 /* Main.storyboard in Resources */,
			);
			runOnlyForDeploymentPostprocessing = 0;
		};
/* End PBXResourcesBuildPhase section */

/* Begin PBXSourcesBuildPhase section */
		04E5054B1D34864500E33745 /* Sources */ = {
			isa = PBXSourcesBuildPhase;
			buildActionMask = 2147483647;
			files = (
				04E5056B1D3488A300E33745 /* PracViewController.m in Sources */,
				04E5055A1D34864700E33745 /* ViewController.m in Sources */,
				04E505571D34864700E33745 /* AppDelegate.m in Sources */,
				04E505541D34864700E33745 /* main.m in Sources */,
			);
			runOnlyForDeploymentPostprocessing = 0;
		};
/* End PBXSourcesBuildPhase section */

/* Begin PBXVariantGroup section */
		04E5055B1D34864700E33745 /* Main.storyboard */ = {
			isa = PBXVariantGroup;
			children = (
				04E5055C1D34864700E33745 /* Base */,
			);
			name = Main.storyboard;
			sourceTree = "<group>";
		};
		04E505601D34864700E33745 /* LaunchScreen.storyboard */ = {
			isa = PBXVariantGroup;
			children = (
				04E505611D34864700E33745 /* Base */,
			);
			name = LaunchScreen.storyboard;
			sourceTree = "<group>";
		};
/* End PBXVariantGroup section */

/* Begin XCBuildConfiguration section */
		04E505641D34864700E33745 /* Debug */ = {
			isa = XCBuildConfiguration;
			buildSettings = {
				ALWAYS_SEARCH_USER_PATHS = NO;
				CLANG_ANALYZER_NONNULL = YES;
				CLANG_CXX_LANGUAGE_STANDARD = "gnu++0x";
				CLANG_CXX_LIBRARY = "libc++";
				CLANG_ENABLE_MODULES = YES;
				CLANG_ENABLE_OBJC_ARC = YES;
				CLANG_WARN_BOOL_CONVERSION = YES;
				CLANG_WARN_CONSTANT_CONVERSION = YES;
				CLANG_WARN_DIRECT_OBJC_ISA_USAGE = YES_ERROR;
				CLANG_WARN_EMPTY_BODY = YES;
				CLANG_WARN_ENUM_CONVERSION = YES;
				CLANG_WARN_INT_CONVERSION = YES;
				CLANG_WARN_OBJC_ROOT_CLASS = YES_ERROR;
				CLANG_WARN_UNREACHABLE_CODE = YES;
				CLANG_WARN__DUPLICATE_METHOD_MATCH = YES;
				"CODE_SIGN_IDENTITY[sdk=iphoneos*]" = "iPhone Developer";
				COPY_PHASE_STRIP = NO;
				DEBUG_INFORMATION_FORMAT = dwarf;
				ENABLE_STRICT_OBJC_MSGSEND = YES;
				ENABLE_TESTABILITY = YES;
				GCC_C_LANGUAGE_STANDARD = gnu99;
				GCC_DYNAMIC_NO_PIC = NO;
				GCC_NO_COMMON_BLOCKS = YES;
				GCC_OPTIMIZATION_LEVEL = 0;
				GCC_PREPROCESSOR_DEFINITIONS = (
					"DEBUG=1",
					"$(inherited)",
				);
				GCC_WARN_64_TO_32_BIT_CONVERSION = YES;
				GCC_WARN_ABOUT_RETURN_TYPE = YES_ERROR;
				GCC_WARN_UNDECLARED_SELECTOR = YES;
				GCC_WARN_UNINITIALIZED_AUTOS = YES_AGGRESSIVE;
				GCC_WARN_UNUSED_FUNCTION = YES;
				GCC_WARN_UNUSED_VARIABLE = YES;
				IPHONEOS_DEPLOYMENT_TARGET = 9.3;
				MTL_ENABLE_DEBUG_INFO = YES;
				ONLY_ACTIVE_ARCH = YES;
				SDKROOT = iphoneos;
			};
			name = Debug;
		};
		04E505651D34864700E33745 /* Release */ = {
			isa = XCBuildConfiguration;
			buildSettings = {
				ALWAYS_SEARCH_USER_PATHS = NO;
				CLANG_ANALYZER_NONNULL = YES;
				CLANG_CXX_LANGUAGE_STANDARD = "gnu++0x";
				CLANG_CXX_LIBRARY = "libc++";
				CLANG_ENABLE_MODULES = YES;
				CLANG_ENABLE_OBJC_ARC = YES;
				CLANG_WARN_BOOL_CONVERSION = YES;
				CLANG_WARN_CONSTANT_CONVERSION = YES;
				CLANG_WARN_DIRECT_OBJC_ISA_USAGE = YES_ERROR;
				CLANG_WARN_EMPTY_BODY = YES;
				CLANG_WARN_ENUM_CONVERSION = YES;
				CLANG_WARN_INT_CONVERSION = YES;
				CLANG_WARN_OBJC_ROOT_CLASS = YES_ERROR;
				CLANG_WARN_UNREACHABLE_CODE = YES;
				CLANG_WARN__DUPLICATE_METHOD_MATCH = YES;
				"CODE_SIGN_IDENTITY[sdk=iphoneos*]" = "iPhone Developer";
				COPY_PHASE_STRIP = NO;
				DEBUG_INFORMATION_FORMAT = "dwarf-with-dsym";
				ENABLE_NS_ASSERTIONS = NO;
				ENABLE_STRICT_OBJC_MSGSEND = YES;
				GCC_C_LANGUAGE_STANDARD = gnu99;
				GCC_NO_COMMON_BLOCKS = YES;
				GCC_WARN_64_TO_32_BIT_CONVERSION = YES;
				GCC_WARN_ABOUT_RETURN_TYPE = YES_ERROR;
				GCC_WARN_UNDECLARED_SELECTOR = YES;
				GCC_WARN_UNINITIALIZED_AUTOS = YES_AGGRESSIVE;
				GCC_WARN_UNUSED_FUNCTION = YES;
				GCC_WARN_UNUSED_VARIABLE = YES;
				IPHONEOS_DEPLOYMENT_TARGET = 9.3;
				MTL_ENABLE_DEBUG_INFO = NO;
				SDKROOT = iphoneos;
				VALIDATE_PRODUCT = YES;
			};
			name = Release;
		};
		04E505671D34864700E33745 /* Debug */ = {
			isa = XCBuildConfiguration;
			buildSettings = {
				ASSETCATALOG_COMPILER_APPICON_NAME = AppIcon;
				INFOPLIST_FILE = parcSourceTree/Info.plist;
				LD_RUNPATH_SEARCH_PATHS = "$(inherited) @executable_path/Frameworks";
				PRODUCT_BUNDLE_IDENTIFIER = WangQiZheng.parcSourceTree;
				PRODUCT_NAME = "$(TARGET_NAME)";
			};
			name = Debug;
		};
		04E505681D34864700E33745 /* Release */ = {
			isa = XCBuildConfiguration;
			buildSettings = {
				ASSETCATALOG_COMPILER_APPICON_NAME = AppIcon;
				INFOPLIST_FILE = parcSourceTree/Info.plist;
				LD_RUNPATH_SEARCH_PATHS = "$(inherited) @executable_path/Frameworks";
				PRODUCT_BUNDLE_IDENTIFIER = WangQiZheng.parcSourceTree;
				PRODUCT_NAME = "$(TARGET_NAME)";
			};
			name = Release;
		};
/* End XCBuildConfiguration section */

/* Begin XCConfigurationList section */
		04E5054A1D34864500E33745 /* Build configuration list for PBXProject "parcSourceTree" */ = {
			isa = XCConfigurationList;
			buildConfigurations = (
				04E505641D34864700E33745 /* Debug */,
				04E505651D34864700E33745 /* Release */,
			);
			defaultConfigurationIsVisible = 0;
			defaultConfigurationName = Release;
		};
		04E505661D34864700E33745 /* Build configuration list for PBXNativeTarget "parcSourceTree" */ = {
			isa = XCConfigurationList;
			buildConfigurations = (
				04E505671D34864700E33745 /* Debug */,
				04E505681D34864700E33745 /* Release */,
			);
			defaultConfigurationIsVisible = 0;
			defaultConfigurationName = Release;
		};
/* End XCConfigurationList section */
	};
	rootObject = 04E505471D34864500E33745 /* Project object */;
}
